
Microsoft Visual Studio Solution File, Format Version 12.00
# Visual Studio Version 17
VisualStudioVersion = 17.14.36603.0
MinimumVisualStudioVersion = 10.0.40219.1
Project("{FAE04EC0-301F-11D3-BF4B-00C04F79EFBC}") = "LibraryAPI", "LibraryAPI\LibraryAPI.csproj", "{BEF05814-5E9D-4354-814A-F80E134F2F89}"
EndProject
Project("{FAE04EC0-301F-11D3-BF4B-00C04F79EFBC}") = "LibraryAPI.Tests", "..\LibraryAPI.Tests\LibraryAPI.Tests.csproj", "{55DC5948-B775-4BE8-8D71-00D7A87C624F}"
EndProject
Global
	GlobalSection(SolutionConfigurationPlatforms) = preSolution
		Debug|Any CPU = Debug|Any CPU
		Debug|x64 = Debug|x64
		Debug|x86 = Debug|x86
		Release|Any CPU = Release|Any CPU
		Release|x64 = Release|x64
		Release|x86 = Release|x86
	EndGlobalSection
	GlobalSection(ProjectConfigurationPlatforms) = postSolution
		{BEF05814-5E9D-4354-814A-F80E134F2F89}.Debug|Any CPU.ActiveCfg = Debug|Any CPU
		{BEF05814-5E9D-4354-814A-F80E134F2F89}.Debug|Any CPU.Build.0 = Debug|Any CPU
		{BEF05814-5E9D-4354-814A-F80E134F2F89}.Debug|x64.ActiveCfg = Debug|Any CPU
		{BEF05814-5E9D-4354-814A-F80E134F2F89}.Debug|x64.Build.0 = Debug|Any CPU
		{BEF05814-5E9D-4354-814A-F80E134F2F89}.Debug|x86.ActiveCfg = Debug|Any CPU
		{BEF05814-5E9D-4354-814A-F80E134F2F89}.Debug|x86.Build.0 = Debug|Any CPU
		{BEF05814-5E9D-4354-814A-F80E134F2F89}.Release|Any CPU.ActiveCfg = Release|Any CPU
		{BEF05814-5E9D-4354-814A-F80E134F2F89}.Release|Any CPU.Build.0 = Release|Any CPU
		{BEF05814-5E9D-4354-814A-F80E134F2F89}.Release|x64.ActiveCfg = Release|Any CPU
		{BEF05814-5E9D-4354-814A-F80E134F2F89}.Release|x64.Build.0 = Release|Any CPU
		{BEF05814-5E9D-4354-814A-F80E134F2F89}.Release|x86.ActiveCfg = Release|Any CPU
		{BEF05814-5E9D-4354-814A-F80E134F2F89}.Release|x86.Build.0 = Release|Any CPU
		{55DC5948-B775-4BE8-8D71-00D7A87C624F}.Debug|Any CPU.ActiveCfg = Debug|Any CPU
		{55DC5948-B775-4BE8-8D71-00D7A87C624F}.Debug|Any CPU.Build.0 = Debug|Any CPU
		{55DC5948-B775-4BE8-8D71-00D7A87C624F}.Debug|x64.ActiveCfg = Debug|Any CPU
		{55DC5948-B775-4BE8-8D71-00D7A87C624F}.Debug|x64.Build.0 = Debug|Any CPU
		{55DC5948-B775-4BE8-8D71-00D7A87C624F}.Debug|x86.ActiveCfg = Debug|Any CPU
		{55DC5948-B775-4BE8-8D71-00D7A87C624F}.Debug|x86.Build.0 = Debug|Any CPU
		{55DC5948-B775-4BE8-8D71-00D7A87C624F}.Release|Any CPU.ActiveCfg = Release|Any CPU
		{55DC5948-B775-4BE8-8D71-00D7A87C624F}.Release|Any CPU.Build.0 = Release|Any CPU
		{55DC5948-B775-4BE8-8D71-00D7A87C624F}.Release|x64.ActiveCfg = Release|Any CPU
		{55DC5948-B775-4BE8-8D71-00D7A87C624F}.Release|x64.Build.0 = Release|Any CPU
		{55DC5948-B775-4BE8-8D71-00D7A87C624F}.Release|x86.ActiveCfg = Release|Any CPU
		{55DC5948-B775-4BE8-8D71-00D7A87C624F}.Release|x86.Build.0 = Release|Any CPU
	EndGlobalSection
	GlobalSection(SolutionProperties) = preSolution
		HideSolutionNode = FALSE
	EndGlobalSection
	GlobalSection(ExtensibilityGlobals) = postSolution
		SolutionGuid = {A1C957CA-3CC7-4FF2-BC60-760FD96B9596}
	EndGlobalSection
EndGlobal
